
Microsoft Visual Studio Solution File, Format Version 12.00
# Visual Studio Version 17
VisualStudioVersion = 17.8.34316.72
MinimumVisualStudioVersion = 10.0.40219.1
Project("{FAE04EC0-301F-11D3-BF4B-00C04F79EFBC}") = "11 Practica 2 U3", "11 Practica 2 U3\11 Practica 2 U3.csproj", "{95324C90-F88B-4D58-B617-1DE56F362907}"
EndProject
Global
	GlobalSection(SolutionConfigurationPlatforms) = preSolution
		Debug|Any CPU = Debug|Any CPU
		Release|Any CPU = Release|Any CPU
	EndGlobalSection
	GlobalSection(ProjectConfigurationPlatforms) = postSolution
		{95324C90-F88B-4D58-B617-1DE56F362907}.Debug|Any CPU.ActiveCfg = Debug|Any CPU
		{95324C90-F88B-4D58-B617-1DE56F362907}.Debug|Any CPU.Build.0 = Debug|Any CPU
		{95324C90-F88B-4D58-B617-1DE56F362907}.Release|Any CPU.ActiveCfg = Release|Any CPU
		{95324C90-F88B-4D58-B617-1DE56F362907}.Release|Any CPU.Build.0 = Release|Any CPU
	EndGlobalSection
	GlobalSection(SolutionProperties) = preSolution
		HideSolutionNode = FALSE
	EndGlobalSection
	GlobalSection(ExtensibilityGlobals) = postSolution
		SolutionGuid = {DFBDA8C4-38D6-4623-8484-DD98546E5B2C}
	EndGlobalSection
EndGlobal
